
Microsoft Visual Studio Solution File, Format Version 12.00
# Visual Studio Version 17
VisualStudioVersion = 17.10.35013.160
MinimumVisualStudioVersion = 10.0.40219.1
Project("{FAE04EC0-301F-11D3-BF4B-00C04F79EFBC}") = "Topic 5 - Assigment Part 1", "Topic 5 - Assigment Part 1.csproj", "{36EA7B08-3CF4-47B7-9EA1-5BD6B21C7352}"
EndProject
Global
	GlobalSection(SolutionConfigurationPlatforms) = preSolution
		Debug|Any CPU = Debug|Any CPU
		Release|Any CPU = Release|Any CPU
	EndGlobalSection
	GlobalSection(ProjectConfigurationPlatforms) = postSolution
		{36EA7B08-3CF4-47B7-9EA1-5BD6B21C7352}.Debug|Any CPU.ActiveCfg = Debug|Any CPU
		{36EA7B08-3CF4-47B7-9EA1-5BD6B21C7352}.Debug|Any CPU.Build.0 = Debug|Any CPU
		{36EA7B08-3CF4-47B7-9EA1-5BD6B21C7352}.Release|Any CPU.ActiveCfg = Release|Any CPU
		{36EA7B08-3CF4-47B7-9EA1-5BD6B21C7352}.Release|Any CPU.Build.0 = Release|Any CPU
	EndGlobalSection
	GlobalSection(SolutionProperties) = preSolution
		HideSolutionNode = FALSE
	EndGlobalSection
	GlobalSection(ExtensibilityGlobals) = postSolution
		SolutionGuid = {165B7D98-7B59-457F-8A65-92344823B15B}
	EndGlobalSection
EndGlobal
